
Microsoft Visual Studio Solution File, Format Version 12.00
# Visual Studio Version 17
VisualStudioVersion = 17.10.35013.160
MinimumVisualStudioVersion = 10.0.40219.1
Project("{9A19103F-16F7-4668-BE54-9A1E7A4F7556}") = "C63Demo-Ed", "C63Demo-Ed\C63Demo-Ed.csproj", "{BBE4F77F-6E56-4288-A4E0-8B041AF05C57}"
EndProject
Project("{8BC9CEB8-8B4A-11D0-8D11-00A0C91BC942}") = "intro_c++_Ed", "intro_c++_Ed\intro_c++_Ed.vcxproj", "{64BC6745-11C2-468D-BB4A-7A0363CF075F}"
EndProject
Project("{8BC9CEB8-8B4A-11D0-8D11-00A0C91BC942}") = "exercise_logger_ed", "exercise_logger_ed\exercise_logger_ed.vcxproj", "{C4A495C5-3B34-46B0-9366-32B8BB445BF1}"
EndProject
Project("{8BC9CEB8-8B4A-11D0-8D11-00A0C91BC942}") = "CtorConstDebug", "Projet_CtorConstDebug\CtorConstDebug\CtorConstDebug.vcxproj", "{29B4C836-7125-41BF-9254-7AC83D41BBD3}"
EndProject
Project("{8BC9CEB8-8B4A-11D0-8D11-00A0C91BC942}") = "Exercice-Logger-Prof", "Exercice-Logger-Prof\Exercice-Logger-Prof.vcxproj", "{F65E7169-CF57-43B8-8D7D-BA0067462F34}"
EndProject
Project("{8BC9CEB8-8B4A-11D0-8D11-00A0C91BC942}") = "test_ray_lib", "test_ray_lib\test_ray_lib.vcxproj", "{C17EB48C-A002-421D-BD08-A16B5CEB44DB}"
EndProject
Project("{8BC9CEB8-8B4A-11D0-8D11-00A0C91BC942}") = "raylib", "raylib\projects\VS2022\raylib\raylib.vcxproj", "{E89D61AC-55DE-4482-AFD4-DF7242EBC859}"
EndProject
Project("{8BC9CEB8-8B4A-11D0-8D11-00A0C91BC942}") = "exercise-dessin-ed", "exercise-dessin-ed\exercise-dessin-ed.vcxproj", "{5F757281-ABC3-4340-9C84-ACAA13DFA509}"
EndProject
Project("{8BC9CEB8-8B4A-11D0-8D11-00A0C91BC942}") = "SimpleSquare", "exercise_simplesquare\simple_square.vcxproj", "{B66CB161-1295-473A-9C13-F50513902F57}"
EndProject
Project("{8BC9CEB8-8B4A-11D0-8D11-00A0C91BC942}") = "Flee", "Flee\Flee.vcxproj", "{BC2949EE-4259-464E-9B4D-1ECF85BEE41D}"
EndProject
Project("{8BC9CEB8-8B4A-11D0-8D11-00A0C91BC942}") = "Exercice-FonctionnelleLamda", "Exercice-FonctionnelleLamda\Exercice-FonctionnelleLamda.vcxproj", "{CA6A1542-5905-42DD-8FBE-60C1B4044864}"
	ProjectSection(ProjectDependencies) = postProject
		{E89D61AC-55DE-4482-AFD4-DF7242EBC859} = {E89D61AC-55DE-4482-AFD4-DF7242EBC859}
	EndProjectSection
EndProject
Project("{8BC9CEB8-8B4A-11D0-8D11-00A0C91BC942}") = "Demo-FonctionnelleLambda", "Demo-FOnctionnelleLambda\Demo-FOnctionnelleLambda.vcxproj", "{CFFDAAF6-B434-4855-85BB-A320551C7476}"
EndProject
Global
	GlobalSection(SolutionConfigurationPlatforms) = preSolution
		Debug.DLL|Any CPU = Debug.DLL|Any CPU
		Debug.DLL|x64 = Debug.DLL|x64
		Debug.DLL|x86 = Debug.DLL|x86
		Debug|Any CPU = Debug|Any CPU
		Debug|x64 = Debug|x64
		Debug|x86 = Debug|x86
		Release.DLL|Any CPU = Release.DLL|Any CPU
		Release.DLL|x64 = Release.DLL|x64
		Release.DLL|x86 = Release.DLL|x86
		Release|Any CPU = Release|Any CPU
		Release|x64 = Release|x64
		Release|x86 = Release|x86
	EndGlobalSection
	GlobalSection(ProjectConfigurationPlatforms) = postSolution
		{BBE4F77F-6E56-4288-A4E0-8B041AF05C57}.Debug.DLL|Any CPU.ActiveCfg = Debug|Any CPU
		{BBE4F77F-6E56-4288-A4E0-8B041AF05C57}.Debug.DLL|Any CPU.Build.0 = Debug|Any CPU
		{BBE4F77F-6E56-4288-A4E0-8B041AF05C57}.Debug.DLL|x64.ActiveCfg = Debug|Any CPU
		{BBE4F77F-6E56-4288-A4E0-8B041AF05C57}.Debug.DLL|x64.Build.0 = Debug|Any CPU
		{BBE4F77F-6E56-4288-A4E0-8B041AF05C57}.Debug.DLL|x86.ActiveCfg = Debug|Any CPU
		{BBE4F77F-6E56-4288-A4E0-8B041AF05C57}.Debug.DLL|x86.Build.0 = Debug|Any CPU
		{BBE4F77F-6E56-4288-A4E0-8B041AF05C57}.Debug|Any CPU.ActiveCfg = Debug|Any CPU
		{BBE4F77F-6E56-4288-A4E0-8B041AF05C57}.Debug|Any CPU.Build.0 = Debug|Any CPU
		{BBE4F77F-6E56-4288-A4E0-8B041AF05C57}.Debug|x64.ActiveCfg = Debug|Any CPU
		{BBE4F77F-6E56-4288-A4E0-8B041AF05C57}.Debug|x64.Build.0 = Debug|Any CPU
		{BBE4F77F-6E56-4288-A4E0-8B041AF05C57}.Debug|x86.ActiveCfg = Debug|Any CPU
		{BBE4F77F-6E56-4288-A4E0-8B041AF05C57}.Debug|x86.Build.0 = Debug|Any CPU
		{BBE4F77F-6E56-4288-A4E0-8B041AF05C57}.Release.DLL|Any CPU.ActiveCfg = Release|Any CPU
		{BBE4F77F-6E56-4288-A4E0-8B041AF05C57}.Release.DLL|Any CPU.Build.0 = Release|Any CPU
		{BBE4F77F-6E56-4288-A4E0-8B041AF05C57}.Release.DLL|x64.ActiveCfg = Release|Any CPU
		{BBE4F77F-6E56-4288-A4E0-8B041AF05C57}.Release.DLL|x64.Build.0 = Release|Any CPU
		{BBE4F77F-6E56-4288-A4E0-8B041AF05C57}.Release.DLL|x86.ActiveCfg = Release|Any CPU
		{BBE4F77F-6E56-4288-A4E0-8B041AF05C57}.Release.DLL|x86.Build.0 = Release|Any CPU
		{BBE4F77F-6E56-4288-A4E0-8B041AF05C57}.Release|Any CPU.ActiveCfg = Release|Any CPU
		{BBE4F77F-6E56-4288-A4E0-8B041AF05C57}.Release|Any CPU.Build.0 = Release|Any CPU
		{BBE4F77F-6E56-4288-A4E0-8B041AF05C57}.Release|x64.ActiveCfg = Release|Any CPU
		{BBE4F77F-6E56-4288-A4E0-8B041AF05C57}.Release|x64.Build.0 = Release|Any CPU
		{BBE4F77F-6E56-4288-A4E0-8B041AF05C57}.Release|x86.ActiveCfg = Release|Any CPU
		{BBE4F77F-6E56-4288-A4E0-8B041AF05C57}.Release|x86.Build.0 = Release|Any CPU
		{64BC6745-11C2-468D-BB4A-7A0363CF075F}.Debug.DLL|Any CPU.ActiveCfg = Debug|x64
		{64BC6745-11C2-468D-BB4A-7A0363CF075F}.Debug.DLL|Any CPU.Build.0 = Debug|x64
		{64BC6745-11C2-468D-BB4A-7A0363CF075F}.Debug.DLL|x64.ActiveCfg = Debug|x64
		{64BC6745-11C2-468D-BB4A-7A0363CF075F}.Debug.DLL|x64.Build.0 = Debug|x64
		{64BC6745-11C2-468D-BB4A-7A0363CF075F}.Debug.DLL|x86.ActiveCfg = Debug|Win32
		{64BC6745-11C2-468D-BB4A-7A0363CF075F}.Debug.DLL|x86.Build.0 = Debug|Win32
		{64BC6745-11C2-468D-BB4A-7A0363CF075F}.Debug|Any CPU.ActiveCfg = Debug|x64
		{64BC6745-11C2-468D-BB4A-7A0363CF075F}.Debug|Any CPU.Build.0 = Debug|x64
		{64BC6745-11C2-468D-BB4A-7A0363CF075F}.Debug|x64.ActiveCfg = Debug|x64
		{64BC6745-11C2-468D-BB4A-7A0363CF075F}.Debug|x64.Build.0 = Debug|x64
		{64BC6745-11C2-468D-BB4A-7A0363CF075F}.Debug|x86.ActiveCfg = Debug|Win32
		{64BC6745-11C2-468D-BB4A-7A0363CF075F}.Debug|x86.Build.0 = Debug|Win32
		{64BC6745-11C2-468D-BB4A-7A0363CF075F}.Release.DLL|Any CPU.ActiveCfg = Release|x64
		{64BC6745-11C2-468D-BB4A-7A0363CF075F}.Release.DLL|Any CPU.Build.0 = Release|x64
		{64BC6745-11C2-468D-BB4A-7A0363CF075F}.Release.DLL|x64.ActiveCfg = Release|x64
		{64BC6745-11C2-468D-BB4A-7A0363CF075F}.Release.DLL|x64.Build.0 = Release|x64
		{64BC6745-11C2-468D-BB4A-7A0363CF075F}.Release.DLL|x86.ActiveCfg = Release|Win32
		{64BC6745-11C2-468D-BB4A-7A0363CF075F}.Release.DLL|x86.Build.0 = Release|Win32
		{64BC6745-11C2-468D-BB4A-7A0363CF075F}.Release|Any CPU.ActiveCfg = Release|x64
		{64BC6745-11C2-468D-BB4A-7A0363CF075F}.Release|Any CPU.Build.0 = Release|x64
		{64BC6745-11C2-468D-BB4A-7A0363CF075F}.Release|x64.ActiveCfg = Release|x64
		{64BC6745-11C2-468D-BB4A-7A0363CF075F}.Release|x64.Build.0 = Release|x64
		{64BC6745-11C2-468D-BB4A-7A0363CF075F}.Release|x86.ActiveCfg = Release|Win32
		{64BC6745-11C2-468D-BB4A-7A0363CF075F}.Release|x86.Build.0 = Release|Win32
		{C4A495C5-3B34-46B0-9366-32B8BB445BF1}.Debug.DLL|Any CPU.ActiveCfg = Debug|x64
		{C4A495C5-3B34-46B0-9366-32B8BB445BF1}.Debug.DLL|Any CPU.Build.0 = Debug|x64
		{C4A495C5-3B34-46B0-9366-32B8BB445BF1}.Debug.DLL|x64.ActiveCfg = Debug|x64
		{C4A495C5-3B34-46B0-9366-32B8BB445BF1}.Debug.DLL|x64.Build.0 = Debug|x64
		{C4A495C5-3B34-46B0-9366-32B8BB445BF1}.Debug.DLL|x86.ActiveCfg = Debug|Win32
		{C4A495C5-3B34-46B0-9366-32B8BB445BF1}.Debug.DLL|x86.Build.0 = Debug|Win32
		{C4A495C5-3B34-46B0-9366-32B8BB445BF1}.Debug|Any CPU.ActiveCfg = Debug|x64
		{C4A495C5-3B34-46B0-9366-32B8BB445BF1}.Debug|Any CPU.Build.0 = Debug|x64
		{C4A495C5-3B34-46B0-9366-32B8BB445BF1}.Debug|x64.ActiveCfg = Debug|x64
		{C4A495C5-3B34-46B0-9366-32B8BB445BF1}.Debug|x64.Build.0 = Debug|x64
		{C4A495C5-3B34-46B0-9366-32B8BB445BF1}.Debug|x86.ActiveCfg = Debug|Win32
		{C4A495C5-3B34-46B0-9366-32B8BB445BF1}.Debug|x86.Build.0 = Debug|Win32
		{C4A495C5-3B34-46B0-9366-32B8BB445BF1}.Release.DLL|Any CPU.ActiveCfg = Release|x64
		{C4A495C5-3B34-46B0-9366-32B8BB445BF1}.Release.DLL|Any CPU.Build.0 = Release|x64
		{C4A495C5-3B34-46B0-9366-32B8BB445BF1}.Release.DLL|x64.ActiveCfg = Release|x64
		{C4A495C5-3B34-46B0-9366-32B8BB445BF1}.Release.DLL|x64.Build.0 = Release|x64
		{C4A495C5-3B34-46B0-9366-32B8BB445BF1}.Release.DLL|x86.ActiveCfg = Release|Win32
		{C4A495C5-3B34-46B0-9366-32B8BB445BF1}.Release.DLL|x86.Build.0 = Release|Win32
		{C4A495C5-3B34-46B0-9366-32B8BB445BF1}.Release|Any CPU.ActiveCfg = Release|x64
		{C4A495C5-3B34-46B0-9366-32B8BB445BF1}.Release|Any CPU.Build.0 = Release|x64
		{C4A495C5-3B34-46B0-9366-32B8BB445BF1}.Release|x64.ActiveCfg = Release|x64
		{C4A495C5-3B34-46B0-9366-32B8BB445BF1}.Release|x64.Build.0 = Release|x64
		{C4A495C5-3B34-46B0-9366-32B8BB445BF1}.Release|x86.ActiveCfg = Release|Win32
		{C4A495C5-3B34-46B0-9366-32B8BB445BF1}.Release|x86.Build.0 = Release|Win32
		{29B4C836-7125-41BF-9254-7AC83D41BBD3}.Debug.DLL|Any CPU.ActiveCfg = Debug|x64
		{29B4C836-7125-41BF-9254-7AC83D41BBD3}.Debug.DLL|Any CPU.Build.0 = Debug|x64
		{29B4C836-7125-41BF-9254-7AC83D41BBD3}.Debug.DLL|x64.ActiveCfg = Debug|x64
		{29B4C836-7125-41BF-9254-7AC83D41BBD3}.Debug.DLL|x64.Build.0 = Debug|x64
		{29B4C836-7125-41BF-9254-7AC83D41BBD3}.Debug.DLL|x86.ActiveCfg = Debug|Win32
		{29B4C836-7125-41BF-9254-7AC83D41BBD3}.Debug.DLL|x86.Build.0 = Debug|Win32
		{29B4C836-7125-41BF-9254-7AC83D41BBD3}.Debug|Any CPU.ActiveCfg = Debug|x64
		{29B4C836-7125-41BF-9254-7AC83D41BBD3}.Debug|Any CPU.Build.0 = Debug|x64
		{29B4C836-7125-41BF-9254-7AC83D41BBD3}.Debug|x64.ActiveCfg = Debug|x64
		{29B4C836-7125-41BF-9254-7AC83D41BBD3}.Debug|x64.Build.0 = Debug|x64
		{29B4C836-7125-41BF-9254-7AC83D41BBD3}.Debug|x86.ActiveCfg = Debug|Win32
		{29B4C836-7125-41BF-9254-7AC83D41BBD3}.Debug|x86.Build.0 = Debug|Win32
		{29B4C836-7125-41BF-9254-7AC83D41BBD3}.Release.DLL|Any CPU.ActiveCfg = Release|x64
		{29B4C836-7125-41BF-9254-7AC83D41BBD3}.Release.DLL|Any CPU.Build.0 = Release|x64
		{29B4C836-7125-41BF-9254-7AC83D41BBD3}.Release.DLL|x64.ActiveCfg = Release|x64
		{29B4C836-7125-41BF-9254-7AC83D41BBD3}.Release.DLL|x64.Build.0 = Release|x64
		{29B4C836-7125-41BF-9254-7AC83D41BBD3}.Release.DLL|x86.ActiveCfg = Release|Win32
		{29B4C836-7125-41BF-9254-7AC83D41BBD3}.Release.DLL|x86.Build.0 = Release|Win32
		{29B4C836-7125-41BF-9254-7AC83D41BBD3}.Release|Any CPU.ActiveCfg = Release|x64
		{29B4C836-7125-41BF-9254-7AC83D41BBD3}.Release|Any CPU.Build.0 = Release|x64
		{29B4C836-7125-41BF-9254-7AC83D41BBD3}.Release|x64.ActiveCfg = Release|x64
		{29B4C836-7125-41BF-9254-7AC83D41BBD3}.Release|x64.Build.0 = Release|x64
		{29B4C836-7125-41BF-9254-7AC83D41BBD3}.Release|x86.ActiveCfg = Release|Win32
		{29B4C836-7125-41BF-9254-7AC83D41BBD3}.Release|x86.Build.0 = Release|Win32
		{F65E7169-CF57-43B8-8D7D-BA0067462F34}.Debug.DLL|Any CPU.ActiveCfg = Debug|x64
		{F65E7169-CF57-43B8-8D7D-BA0067462F34}.Debug.DLL|Any CPU.Build.0 = Debug|x64
		{F65E7169-CF57-43B8-8D7D-BA0067462F34}.Debug.DLL|x64.ActiveCfg = Debug|x64
		{F65E7169-CF57-43B8-8D7D-BA0067462F34}.Debug.DLL|x64.Build.0 = Debug|x64
		{F65E7169-CF57-43B8-8D7D-BA0067462F34}.Debug.DLL|x86.ActiveCfg = Debug|Win32
		{F65E7169-CF57-43B8-8D7D-BA0067462F34}.Debug.DLL|x86.Build.0 = Debug|Win32
		{F65E7169-CF57-43B8-8D7D-BA0067462F34}.Debug|Any CPU.ActiveCfg = Debug|x64
		{F65E7169-CF57-43B8-8D7D-BA0067462F34}.Debug|Any CPU.Build.0 = Debug|x64
		{F65E7169-CF57-43B8-8D7D-BA0067462F34}.Debug|x64.ActiveCfg = Debug|x64
		{F65E7169-CF57-43B8-8D7D-BA0067462F34}.Debug|x64.Build.0 = Debug|x64
		{F65E7169-CF57-43B8-8D7D-BA0067462F34}.Debug|x86.ActiveCfg = Debug|Win32
		{F65E7169-CF57-43B8-8D7D-BA0067462F34}.Debug|x86.Build.0 = Debug|Win32
		{F65E7169-CF57-43B8-8D7D-BA0067462F34}.Release.DLL|Any CPU.ActiveCfg = Release|x64
		{F65E7169-CF57-43B8-8D7D-BA0067462F34}.Release.DLL|Any CPU.Build.0 = Release|x64
		{F65E7169-CF57-43B8-8D7D-BA0067462F34}.Release.DLL|x64.ActiveCfg = Release|x64
		{F65E7169-CF57-43B8-8D7D-BA0067462F34}.Release.DLL|x64.Build.0 = Release|x64
		{F65E7169-CF57-43B8-8D7D-BA0067462F34}.Release.DLL|x86.ActiveCfg = Release|Win32
		{F65E7169-CF57-43B8-8D7D-BA0067462F34}.Release.DLL|x86.Build.0 = Release|Win32
		{F65E7169-CF57-43B8-8D7D-BA0067462F34}.Release|Any CPU.ActiveCfg = Release|x64
		{F65E7169-CF57-43B8-8D7D-BA0067462F34}.Release|Any CPU.Build.0 = Release|x64
		{F65E7169-CF57-43B8-8D7D-BA0067462F34}.Release|x64.ActiveCfg = Release|x64
		{F65E7169-CF57-43B8-8D7D-BA0067462F34}.Release|x64.Build.0 = Release|x64
		{F65E7169-CF57-43B8-8D7D-BA0067462F34}.Release|x86.ActiveCfg = Release|Win32
		{F65E7169-CF57-43B8-8D7D-BA0067462F34}.Release|x86.Build.0 = Release|Win32
		{C17EB48C-A002-421D-BD08-A16B5CEB44DB}.Debug.DLL|Any CPU.ActiveCfg = Debug|x64
		{C17EB48C-A002-421D-BD08-A16B5CEB44DB}.Debug.DLL|Any CPU.Build.0 = Debug|x64
		{C17EB48C-A002-421D-BD08-A16B5CEB44DB}.Debug.DLL|x64.ActiveCfg = Debug|x64
		{C17EB48C-A002-421D-BD08-A16B5CEB44DB}.Debug.DLL|x64.Build.0 = Debug|x64
		{C17EB48C-A002-421D-BD08-A16B5CEB44DB}.Debug.DLL|x86.ActiveCfg = Debug|Win32
		{C17EB48C-A002-421D-BD08-A16B5CEB44DB}.Debug.DLL|x86.Build.0 = Debug|Win32
		{C17EB48C-A002-421D-BD08-A16B5CEB44DB}.Debug|Any CPU.ActiveCfg = Debug|x64
		{C17EB48C-A002-421D-BD08-A16B5CEB44DB}.Debug|Any CPU.Build.0 = Debug|x64
		{C17EB48C-A002-421D-BD08-A16B5CEB44DB}.Debug|x64.ActiveCfg = Debug|x64
		{C17EB48C-A002-421D-BD08-A16B5CEB44DB}.Debug|x64.Build.0 = Debug|x64
		{C17EB48C-A002-421D-BD08-A16B5CEB44DB}.Debug|x86.ActiveCfg = Debug|Win32
		{C17EB48C-A002-421D-BD08-A16B5CEB44DB}.Debug|x86.Build.0 = Debug|Win32
		{C17EB48C-A002-421D-BD08-A16B5CEB44DB}.Release.DLL|Any CPU.ActiveCfg = Release|x64
		{C17EB48C-A002-421D-BD08-A16B5CEB44DB}.Release.DLL|Any CPU.Build.0 = Release|x64
		{C17EB48C-A002-421D-BD08-A16B5CEB44DB}.Release.DLL|x64.ActiveCfg = Release|x64
		{C17EB48C-A002-421D-BD08-A16B5CEB44DB}.Release.DLL|x64.Build.0 = Release|x64
		{C17EB48C-A002-421D-BD08-A16B5CEB44DB}.Release.DLL|x86.ActiveCfg = Release|Win32
		{C17EB48C-A002-421D-BD08-A16B5CEB44DB}.Release.DLL|x86.Build.0 = Release|Win32
		{C17EB48C-A002-421D-BD08-A16B5CEB44DB}.Release|Any CPU.ActiveCfg = Release|x64
		{C17EB48C-A002-421D-BD08-A16B5CEB44DB}.Release|Any CPU.Build.0 = Release|x64
		{C17EB48C-A002-421D-BD08-A16B5CEB44DB}.Release|x64.ActiveCfg = Release|x64
		{C17EB48C-A002-421D-BD08-A16B5CEB44DB}.Release|x64.Build.0 = Release|x64
		{C17EB48C-A002-421D-BD08-A16B5CEB44DB}.Release|x86.ActiveCfg = Release|Win32
		{C17EB48C-A002-421D-BD08-A16B5CEB44DB}.Release|x86.Build.0 = Release|Win32
		{E89D61AC-55DE-4482-AFD4-DF7242EBC859}.Debug.DLL|Any CPU.ActiveCfg = Debug.DLL|x64
		{E89D61AC-55DE-4482-AFD4-DF7242EBC859}.Debug.DLL|Any CPU.Build.0 = Debug.DLL|x64
		{E89D61AC-55DE-4482-AFD4-DF7242EBC859}.Debug.DLL|x64.ActiveCfg = Debug.DLL|x64
		{E89D61AC-55DE-4482-AFD4-DF7242EBC859}.Debug.DLL|x64.Build.0 = Debug.DLL|x64
		{E89D61AC-55DE-4482-AFD4-DF7242EBC859}.Debug.DLL|x86.ActiveCfg = Debug.DLL|Win32
		{E89D61AC-55DE-4482-AFD4-DF7242EBC859}.Debug.DLL|x86.Build.0 = Debug.DLL|Win32
		{E89D61AC-55DE-4482-AFD4-DF7242EBC859}.Debug|Any CPU.ActiveCfg = Debug|x64
		{E89D61AC-55DE-4482-AFD4-DF7242EBC859}.Debug|Any CPU.Build.0 = Debug|x64
		{E89D61AC-55DE-4482-AFD4-DF7242EBC859}.Debug|x64.ActiveCfg = Debug|x64
		{E89D61AC-55DE-4482-AFD4-DF7242EBC859}.Debug|x64.Build.0 = Debug|x64
		{E89D61AC-55DE-4482-AFD4-DF7242EBC859}.Debug|x86.ActiveCfg = Debug|Win32
		{E89D61AC-55DE-4482-AFD4-DF7242EBC859}.Debug|x86.Build.0 = Debug|Win32
		{E89D61AC-55DE-4482-AFD4-DF7242EBC859}.Release.DLL|Any CPU.ActiveCfg = Release.DLL|x64
		{E89D61AC-55DE-4482-AFD4-DF7242EBC859}.Release.DLL|Any CPU.Build.0 = Release.DLL|x64
		{E89D61AC-55DE-4482-AFD4-DF7242EBC859}.Release.DLL|x64.ActiveCfg = Release.DLL|x64
		{E89D61AC-55DE-4482-AFD4-DF7242EBC859}.Release.DLL|x64.Build.0 = Release.DLL|x64
		{E89D61AC-55DE-4482-AFD4-DF7242EBC859}.Release.DLL|x86.ActiveCfg = Release.DLL|Win32
		{E89D61AC-55DE-4482-AFD4-DF7242EBC859}.Release.DLL|x86.Build.0 = Release.DLL|Win32
		{E89D61AC-55DE-4482-AFD4-DF7242EBC859}.Release|Any CPU.ActiveCfg = Release|x64
		{E89D61AC-55DE-4482-AFD4-DF7242EBC859}.Release|Any CPU.Build.0 = Release|x64
		{E89D61AC-55DE-4482-AFD4-DF7242EBC859}.Release|x64.ActiveCfg = Release|x64
		{E89D61AC-55DE-4482-AFD4-DF7242EBC859}.Release|x64.Build.0 = Release|x64
		{E89D61AC-55DE-4482-AFD4-DF7242EBC859}.Release|x86.ActiveCfg = Release|Win32
		{E89D61AC-55DE-4482-AFD4-DF7242EBC859}.Release|x86.Build.0 = Release|Win32
		{5F757281-ABC3-4340-9C84-ACAA13DFA509}.Debug.DLL|Any CPU.ActiveCfg = Debug|x64
		{5F757281-ABC3-4340-9C84-ACAA13DFA509}.Debug.DLL|Any CPU.Build.0 = Debug|x64
		{5F757281-ABC3-4340-9C84-ACAA13DFA509}.Debug.DLL|x64.ActiveCfg = Debug|x64
		{5F757281-ABC3-4340-9C84-ACAA13DFA509}.Debug.DLL|x64.Build.0 = Debug|x64
		{5F757281-ABC3-4340-9C84-ACAA13DFA509}.Debug.DLL|x86.ActiveCfg = Debug|Win32
		{5F757281-ABC3-4340-9C84-ACAA13DFA509}.Debug.DLL|x86.Build.0 = Debug|Win32
		{5F757281-ABC3-4340-9C84-ACAA13DFA509}.Debug|Any CPU.ActiveCfg = Debug|x64
		{5F757281-ABC3-4340-9C84-ACAA13DFA509}.Debug|Any CPU.Build.0 = Debug|x64
		{5F757281-ABC3-4340-9C84-ACAA13DFA509}.Debug|x64.ActiveCfg = Debug|x64
		{5F757281-ABC3-4340-9C84-ACAA13DFA509}.Debug|x64.Build.0 = Debug|x64
		{5F757281-ABC3-4340-9C84-ACAA13DFA509}.Debug|x86.ActiveCfg = Debug|Win32
		{5F757281-ABC3-4340-9C84-ACAA13DFA509}.Debug|x86.Build.0 = Debug|Win32
		{5F757281-ABC3-4340-9C84-ACAA13DFA509}.Release.DLL|Any CPU.ActiveCfg = Release|x64
		{5F757281-ABC3-4340-9C84-ACAA13DFA509}.Release.DLL|Any CPU.Build.0 = Release|x64
		{5F757281-ABC3-4340-9C84-ACAA13DFA509}.Release.DLL|x64.ActiveCfg = Release|x64
		{5F757281-ABC3-4340-9C84-ACAA13DFA509}.Release.DLL|x64.Build.0 = Release|x64
		{5F757281-ABC3-4340-9C84-ACAA13DFA509}.Release.DLL|x86.ActiveCfg = Release|Win32
		{5F757281-ABC3-4340-9C84-ACAA13DFA509}.Release.DLL|x86.Build.0 = Release|Win32
		{5F757281-ABC3-4340-9C84-ACAA13DFA509}.Release|Any CPU.ActiveCfg = Release|x64
		{5F757281-ABC3-4340-9C84-ACAA13DFA509}.Release|Any CPU.Build.0 = Release|x64
		{5F757281-ABC3-4340-9C84-ACAA13DFA509}.Release|x64.ActiveCfg = Release|x64
		{5F757281-ABC3-4340-9C84-ACAA13DFA509}.Release|x64.Build.0 = Release|x64
		{5F757281-ABC3-4340-9C84-ACAA13DFA509}.Release|x86.ActiveCfg = Release|Win32
		{5F757281-ABC3-4340-9C84-ACAA13DFA509}.Release|x86.Build.0 = Release|Win32
		{B66CB161-1295-473A-9C13-F50513902F57}.Debug.DLL|Any CPU.ActiveCfg = Debug|x64
		{B66CB161-1295-473A-9C13-F50513902F57}.Debug.DLL|Any CPU.Build.0 = Debug|x64
		{B66CB161-1295-473A-9C13-F50513902F57}.Debug.DLL|x64.ActiveCfg = Debug|x64
		{B66CB161-1295-473A-9C13-F50513902F57}.Debug.DLL|x64.Build.0 = Debug|x64
		{B66CB161-1295-473A-9C13-F50513902F57}.Debug.DLL|x86.ActiveCfg = Debug|Win32
		{B66CB161-1295-473A-9C13-F50513902F57}.Debug.DLL|x86.Build.0 = Debug|Win32
		{B66CB161-1295-473A-9C13-F50513902F57}.Debug|Any CPU.ActiveCfg = Debug|x64
		{B66CB161-1295-473A-9C13-F50513902F57}.Debug|Any CPU.Build.0 = Debug|x64
		{B66CB161-1295-473A-9C13-F50513902F57}.Debug|x64.ActiveCfg = Debug|x64
		{B66CB161-1295-473A-9C13-F50513902F57}.Debug|x64.Build.0 = Debug|x64
		{B66CB161-1295-473A-9C13-F50513902F57}.Debug|x86.ActiveCfg = Debug|Win32
		{B66CB161-1295-473A-9C13-F50513902F57}.Debug|x86.Build.0 = Debug|Win32
		{B66CB161-1295-473A-9C13-F50513902F57}.Release.DLL|Any CPU.ActiveCfg = Release|x64
		{B66CB161-1295-473A-9C13-F50513902F57}.Release.DLL|Any CPU.Build.0 = Release|x64
		{B66CB161-1295-473A-9C13-F50513902F57}.Release.DLL|x64.ActiveCfg = Release|x64
		{B66CB161-1295-473A-9C13-F50513902F57}.Release.DLL|x64.Build.0 = Release|x64
		{B66CB161-1295-473A-9C13-F50513902F57}.Release.DLL|x86.ActiveCfg = Release|Win32
		{B66CB161-1295-473A-9C13-F50513902F57}.Release.DLL|x86.Build.0 = Release|Win32
		{B66CB161-1295-473A-9C13-F50513902F57}.Release|Any CPU.ActiveCfg = Release|x64
		{B66CB161-1295-473A-9C13-F50513902F57}.Release|Any CPU.Build.0 = Release|x64
		{B66CB161-1295-473A-9C13-F50513902F57}.Release|x64.ActiveCfg = Release|x64
		{B66CB161-1295-473A-9C13-F50513902F57}.Release|x64.Build.0 = Release|x64
		{B66CB161-1295-473A-9C13-F50513902F57}.Release|x86.ActiveCfg = Release|Win32
		{B66CB161-1295-473A-9C13-F50513902F57}.Release|x86.Build.0 = Release|Win32
		{BC2949EE-4259-464E-9B4D-1ECF85BEE41D}.Debug.DLL|Any CPU.ActiveCfg = Debug|x64
		{BC2949EE-4259-464E-9B4D-1ECF85BEE41D}.Debug.DLL|Any CPU.Build.0 = Debug|x64
		{BC2949EE-4259-464E-9B4D-1ECF85BEE41D}.Debug.DLL|x64.ActiveCfg = Debug|x64
		{BC2949EE-4259-464E-9B4D-1ECF85BEE41D}.Debug.DLL|x64.Build.0 = Debug|x64
		{BC2949EE-4259-464E-9B4D-1ECF85BEE41D}.Debug.DLL|x86.ActiveCfg = Debug|Win32
		{BC2949EE-4259-464E-9B4D-1ECF85BEE41D}.Debug.DLL|x86.Build.0 = Debug|Win32
		{BC2949EE-4259-464E-9B4D-1ECF85BEE41D}.Debug|Any CPU.ActiveCfg = Debug|x64
		{BC2949EE-4259-464E-9B4D-1ECF85BEE41D}.Debug|Any CPU.Build.0 = Debug|x64
		{BC2949EE-4259-464E-9B4D-1ECF85BEE41D}.Debug|x64.ActiveCfg = Debug|x64
		{BC2949EE-4259-464E-9B4D-1ECF85BEE41D}.Debug|x64.Build.0 = Debug|x64
		{BC2949EE-4259-464E-9B4D-1ECF85BEE41D}.Debug|x86.ActiveCfg = Debug|Win32
		{BC2949EE-4259-464E-9B4D-1ECF85BEE41D}.Debug|x86.Build.0 = Debug|Win32
		{BC2949EE-4259-464E-9B4D-1ECF85BEE41D}.Release.DLL|Any CPU.ActiveCfg = Release|x64
		{BC2949EE-4259-464E-9B4D-1ECF85BEE41D}.Release.DLL|Any CPU.Build.0 = Release|x64
		{BC2949EE-4259-464E-9B4D-1ECF85BEE41D}.Release.DLL|x64.ActiveCfg = Release|x64
		{BC2949EE-4259-464E-9B4D-1ECF85BEE41D}.Release.DLL|x64.Build.0 = Release|x64
		{BC2949EE-4259-464E-9B4D-1ECF85BEE41D}.Release.DLL|x86.ActiveCfg = Release|Win32
		{BC2949EE-4259-464E-9B4D-1ECF85BEE41D}.Release.DLL|x86.Build.0 = Release|Win32
		{BC2949EE-4259-464E-9B4D-1ECF85BEE41D}.Release|Any CPU.ActiveCfg = Release|x64
		{BC2949EE-4259-464E-9B4D-1ECF85BEE41D}.Release|Any CPU.Build.0 = Release|x64
		{BC2949EE-4259-464E-9B4D-1ECF85BEE41D}.Release|x64.ActiveCfg = Release|x64
		{BC2949EE-4259-464E-9B4D-1ECF85BEE41D}.Release|x64.Build.0 = Release|x64
		{BC2949EE-4259-464E-9B4D-1ECF85BEE41D}.Release|x86.ActiveCfg = Release|Win32
		{BC2949EE-4259-464E-9B4D-1ECF85BEE41D}.Release|x86.Build.0 = Release|Win32
		{CA6A1542-5905-42DD-8FBE-60C1B4044864}.Debug.DLL|Any CPU.ActiveCfg = Debug|x64
		{CA6A1542-5905-42DD-8FBE-60C1B4044864}.Debug.DLL|Any CPU.Build.0 = Debug|x64
		{CA6A1542-5905-42DD-8FBE-60C1B4044864}.Debug.DLL|x64.ActiveCfg = Debug|x64
		{CA6A1542-5905-42DD-8FBE-60C1B4044864}.Debug.DLL|x64.Build.0 = Debug|x64
		{CA6A1542-5905-42DD-8FBE-60C1B4044864}.Debug.DLL|x86.ActiveCfg = Debug|Win32
		{CA6A1542-5905-42DD-8FBE-60C1B4044864}.Debug.DLL|x86.Build.0 = Debug|Win32
		{CA6A1542-5905-42DD-8FBE-60C1B4044864}.Debug|Any CPU.ActiveCfg = Debug|x64
		{CA6A1542-5905-42DD-8FBE-60C1B4044864}.Debug|Any CPU.Build.0 = Debug|x64
		{CA6A1542-5905-42DD-8FBE-60C1B4044864}.Debug|x64.ActiveCfg = Debug|x64
		{CA6A1542-5905-42DD-8FBE-60C1B4044864}.Debug|x64.Build.0 = Debug|x64
		{CA6A1542-5905-42DD-8FBE-60C1B4044864}.Debug|x86.ActiveCfg = Debug|Win32
		{CA6A1542-5905-42DD-8FBE-60C1B4044864}.Debug|x86.Build.0 = Debug|Win32
		{CA6A1542-5905-42DD-8FBE-60C1B4044864}.Release.DLL|Any CPU.ActiveCfg = Release|x64
		{CA6A1542-5905-42DD-8FBE-60C1B4044864}.Release.DLL|Any CPU.Build.0 = Release|x64
		{CA6A1542-5905-42DD-8FBE-60C1B4044864}.Release.DLL|x64.ActiveCfg = Release|x64
		{CA6A1542-5905-42DD-8FBE-60C1B4044864}.Release.DLL|x64.Build.0 = Release|x64
		{CA6A1542-5905-42DD-8FBE-60C1B4044864}.Release.DLL|x86.ActiveCfg = Release|Win32
		{CA6A1542-5905-42DD-8FBE-60C1B4044864}.Release.DLL|x86.Build.0 = Release|Win32
		{CA6A1542-5905-42DD-8FBE-60C1B4044864}.Release|Any CPU.ActiveCfg = Release|x64
		{CA6A1542-5905-42DD-8FBE-60C1B4044864}.Release|Any CPU.Build.0 = Release|x64
		{CA6A1542-5905-42DD-8FBE-60C1B4044864}.Release|x64.ActiveCfg = Release|x64
		{CA6A1542-5905-42DD-8FBE-60C1B4044864}.Release|x64.Build.0 = Release|x64
		{CA6A1542-5905-42DD-8FBE-60C1B4044864}.Release|x86.ActiveCfg = Release|Win32
		{CA6A1542-5905-42DD-8FBE-60C1B4044864}.Release|x86.Build.0 = Release|Win32
		{CFFDAAF6-B434-4855-85BB-A320551C7476}.Debug.DLL|Any CPU.ActiveCfg = Debug|x64
		{CFFDAAF6-B434-4855-85BB-A320551C7476}.Debug.DLL|Any CPU.Build.0 = Debug|x64
		{CFFDAAF6-B434-4855-85BB-A320551C7476}.Debug.DLL|x64.ActiveCfg = Debug|x64
		{CFFDAAF6-B434-4855-85BB-A320551C7476}.Debug.DLL|x64.Build.0 = Debug|x64
		{CFFDAAF6-B434-4855-85BB-A320551C7476}.Debug.DLL|x86.ActiveCfg = Debug|Win32
		{CFFDAAF6-B434-4855-85BB-A320551C7476}.Debug.DLL|x86.Build.0 = Debug|Win32
		{CFFDAAF6-B434-4855-85BB-A320551C7476}.Debug|Any CPU.ActiveCfg = Debug|x64
		{CFFDAAF6-B434-4855-85BB-A320551C7476}.Debug|Any CPU.Build.0 = Debug|x64
		{CFFDAAF6-B434-4855-85BB-A320551C7476}.Debug|x64.ActiveCfg = Debug|x64
		{CFFDAAF6-B434-4855-85BB-A320551C7476}.Debug|x64.Build.0 = Debug|x64
		{CFFDAAF6-B434-4855-85BB-A320551C7476}.Debug|x86.ActiveCfg = Debug|Win32
		{CFFDAAF6-B434-4855-85BB-A320551C7476}.Debug|x86.Build.0 = Debug|Win32
		{CFFDAAF6-B434-4855-85BB-A320551C7476}.Release.DLL|Any CPU.ActiveCfg = Release|x64
		{CFFDAAF6-B434-4855-85BB-A320551C7476}.Release.DLL|Any CPU.Build.0 = Release|x64
		{CFFDAAF6-B434-4855-85BB-A320551C7476}.Release.DLL|x64.ActiveCfg = Release|x64
		{CFFDAAF6-B434-4855-85BB-A320551C7476}.Release.DLL|x64.Build.0 = Release|x64
		{CFFDAAF6-B434-4855-85BB-A320551C7476}.Release.DLL|x86.ActiveCfg = Release|Win32
		{CFFDAAF6-B434-4855-85BB-A320551C7476}.Release.DLL|x86.Build.0 = Release|Win32
		{CFFDAAF6-B434-4855-85BB-A320551C7476}.Release|Any CPU.ActiveCfg = Release|x64
		{CFFDAAF6-B434-4855-85BB-A320551C7476}.Release|Any CPU.Build.0 = Release|x64
		{CFFDAAF6-B434-4855-85BB-A320551C7476}.Release|x64.ActiveCfg = Release|x64
		{CFFDAAF6-B434-4855-85BB-A320551C7476}.Release|x64.Build.0 = Release|x64
		{CFFDAAF6-B434-4855-85BB-A320551C7476}.Release|x86.ActiveCfg = Release|Win32
		{CFFDAAF6-B434-4855-85BB-A320551C7476}.Release|x86.Build.0 = Release|Win32
	EndGlobalSection
	GlobalSection(SolutionProperties) = preSolution
		HideSolutionNode = FALSE
	EndGlobalSection
	GlobalSection(ExtensibilityGlobals) = postSolution
		SolutionGuid = {C519980D-90B1-43BD-95E0-64728E52461B}
	EndGlobalSection
EndGlobal
